
Microsoft Visual Studio Solution File, Format Version 12.00
# Visual Studio 15
VisualStudioVersion = 15.0.28307.572
MinimumVisualStudioVersion = 10.0.40219.1
Project("{FAE04EC0-301F-11D3-BF4B-00C04F79EFBC}") = "SID.Data", "SID.Data\SID.Data.csproj", "{59F5F6BD-B4CA-4FA5-87A4-E959799B24AC}"
EndProject
Project("{FAE04EC0-301F-11D3-BF4B-00C04F79EFBC}") = "SID.Business", "SID.Business\SID.Business.csproj", "{CB37FBD8-F38D-4BFC-8761-FECD3C454247}"
EndProject
Project("{FAE04EC0-301F-11D3-BF4B-00C04F79EFBC}") = "SID.Web.UI", "SID.Web.UI\SID.Web.UI.csproj", "{EBD1BA86-8C32-4CDF-9ACD-9592C180B839}"
EndProject
Project("{FAE04EC0-301F-11D3-BF4B-00C04F79EFBC}") = "SID.API", "SID.API\SID.API.csproj", "{D6C607EF-EA4E-4A92-9C52-A86BEC3DC3BF}"
EndProject
Project("{262852C6-CD72-467D-83FE-5EEB1973A190}") = "SID.Mobile", "SID.Mobile\SID.Mobile.jsproj", "{D9C5FB5B-68E4-4B9E-992B-549431FF826E}"
EndProject
Project("{FAE04EC0-301F-11D3-BF4B-00C04F79EFBC}") = "SID.Web.Site", "SID.Web.Site\SID.Web.Site.csproj", "{F1D36740-03FC-4644-A1F0-92AC757224EC}"
EndProject
Project("{FAE04EC0-301F-11D3-BF4B-00C04F79EFBC}") = "SID.MobileHTML", "SID.MobileHTML\SID.MobileHTML.csproj", "{C1C9C3E4-DA2E-4FFC-BF1D-5AF3018B3329}"
EndProject
Project("{FAE04EC0-301F-11D3-BF4B-00C04F79EFBC}") = "SID.Sms", "SID.Sms\SID.Sms.csproj", "{B7FAC5C2-1FD2-4E64-B609-0AB3CFBD2704}"
EndProject
Global
	GlobalSection(SolutionConfigurationPlatforms) = preSolution
		Debug|Android = Debug|Android
		Debug|Any CPU = Debug|Any CPU
		Debug|iOS = Debug|iOS
		Debug|Windows-ARM = Debug|Windows-ARM
		Debug|Windows-x64 = Debug|Windows-x64
		Debug|Windows-x86 = Debug|Windows-x86
		Release|Android = Release|Android
		Release|Any CPU = Release|Any CPU
		Release|iOS = Release|iOS
		Release|Windows-ARM = Release|Windows-ARM
		Release|Windows-x64 = Release|Windows-x64
		Release|Windows-x86 = Release|Windows-x86
	EndGlobalSection
	GlobalSection(ProjectConfigurationPlatforms) = postSolution
		{59F5F6BD-B4CA-4FA5-87A4-E959799B24AC}.Debug|Android.ActiveCfg = Debug|Any CPU
		{59F5F6BD-B4CA-4FA5-87A4-E959799B24AC}.Debug|Android.Build.0 = Debug|Any CPU
		{59F5F6BD-B4CA-4FA5-87A4-E959799B24AC}.Debug|Any CPU.ActiveCfg = Debug|Any CPU
		{59F5F6BD-B4CA-4FA5-87A4-E959799B24AC}.Debug|Any CPU.Build.0 = Debug|Any CPU
		{59F5F6BD-B4CA-4FA5-87A4-E959799B24AC}.Debug|iOS.ActiveCfg = Debug|Any CPU
		{59F5F6BD-B4CA-4FA5-87A4-E959799B24AC}.Debug|iOS.Build.0 = Debug|Any CPU
		{59F5F6BD-B4CA-4FA5-87A4-E959799B24AC}.Debug|Windows-ARM.ActiveCfg = Debug|Any CPU
		{59F5F6BD-B4CA-4FA5-87A4-E959799B24AC}.Debug|Windows-ARM.Build.0 = Debug|Any CPU
		{59F5F6BD-B4CA-4FA5-87A4-E959799B24AC}.Debug|Windows-x64.ActiveCfg = Debug|Any CPU
		{59F5F6BD-B4CA-4FA5-87A4-E959799B24AC}.Debug|Windows-x64.Build.0 = Debug|Any CPU
		{59F5F6BD-B4CA-4FA5-87A4-E959799B24AC}.Debug|Windows-x86.ActiveCfg = Debug|Any CPU
		{59F5F6BD-B4CA-4FA5-87A4-E959799B24AC}.Debug|Windows-x86.Build.0 = Debug|Any CPU
		{59F5F6BD-B4CA-4FA5-87A4-E959799B24AC}.Release|Android.ActiveCfg = Release|Any CPU
		{59F5F6BD-B4CA-4FA5-87A4-E959799B24AC}.Release|Android.Build.0 = Release|Any CPU
		{59F5F6BD-B4CA-4FA5-87A4-E959799B24AC}.Release|Any CPU.ActiveCfg = Release|Any CPU
		{59F5F6BD-B4CA-4FA5-87A4-E959799B24AC}.Release|Any CPU.Build.0 = Release|Any CPU
		{59F5F6BD-B4CA-4FA5-87A4-E959799B24AC}.Release|iOS.ActiveCfg = Release|Any CPU
		{59F5F6BD-B4CA-4FA5-87A4-E959799B24AC}.Release|iOS.Build.0 = Release|Any CPU
		{59F5F6BD-B4CA-4FA5-87A4-E959799B24AC}.Release|Windows-ARM.ActiveCfg = Release|Any CPU
		{59F5F6BD-B4CA-4FA5-87A4-E959799B24AC}.Release|Windows-ARM.Build.0 = Release|Any CPU
		{59F5F6BD-B4CA-4FA5-87A4-E959799B24AC}.Release|Windows-x64.ActiveCfg = Release|Any CPU
		{59F5F6BD-B4CA-4FA5-87A4-E959799B24AC}.Release|Windows-x64.Build.0 = Release|Any CPU
		{59F5F6BD-B4CA-4FA5-87A4-E959799B24AC}.Release|Windows-x86.ActiveCfg = Release|Any CPU
		{59F5F6BD-B4CA-4FA5-87A4-E959799B24AC}.Release|Windows-x86.Build.0 = Release|Any CPU
		{CB37FBD8-F38D-4BFC-8761-FECD3C454247}.Debug|Android.ActiveCfg = Debug|Any CPU
		{CB37FBD8-F38D-4BFC-8761-FECD3C454247}.Debug|Android.Build.0 = Debug|Any CPU
		{CB37FBD8-F38D-4BFC-8761-FECD3C454247}.Debug|Any CPU.ActiveCfg = Debug|Any CPU
		{CB37FBD8-F38D-4BFC-8761-FECD3C454247}.Debug|Any CPU.Build.0 = Debug|Any CPU
		{CB37FBD8-F38D-4BFC-8761-FECD3C454247}.Debug|iOS.ActiveCfg = Debug|Any CPU
		{CB37FBD8-F38D-4BFC-8761-FECD3C454247}.Debug|iOS.Build.0 = Debug|Any CPU
		{CB37FBD8-F38D-4BFC-8761-FECD3C454247}.Debug|Windows-ARM.ActiveCfg = Debug|Any CPU
		{CB37FBD8-F38D-4BFC-8761-FECD3C454247}.Debug|Windows-ARM.Build.0 = Debug|Any CPU
		{CB37FBD8-F38D-4BFC-8761-FECD3C454247}.Debug|Windows-x64.ActiveCfg = Debug|Any CPU
		{CB37FBD8-F38D-4BFC-8761-FECD3C454247}.Debug|Windows-x64.Build.0 = Debug|Any CPU
		{CB37FBD8-F38D-4BFC-8761-FECD3C454247}.Debug|Windows-x86.ActiveCfg = Debug|Any CPU
		{CB37FBD8-F38D-4BFC-8761-FECD3C454247}.Debug|Windows-x86.Build.0 = Debug|Any CPU
		{CB37FBD8-F38D-4BFC-8761-FECD3C454247}.Release|Android.ActiveCfg = Release|Any CPU
		{CB37FBD8-F38D-4BFC-8761-FECD3C454247}.Release|Android.Build.0 = Release|Any CPU
		{CB37FBD8-F38D-4BFC-8761-FECD3C454247}.Release|Any CPU.ActiveCfg = Release|Any CPU
		{CB37FBD8-F38D-4BFC-8761-FECD3C454247}.Release|Any CPU.Build.0 = Release|Any CPU
		{CB37FBD8-F38D-4BFC-8761-FECD3C454247}.Release|iOS.ActiveCfg = Release|Any CPU
		{CB37FBD8-F38D-4BFC-8761-FECD3C454247}.Release|iOS.Build.0 = Release|Any CPU
		{CB37FBD8-F38D-4BFC-8761-FECD3C454247}.Release|Windows-ARM.ActiveCfg = Release|Any CPU
		{CB37FBD8-F38D-4BFC-8761-FECD3C454247}.Release|Windows-ARM.Build.0 = Release|Any CPU
		{CB37FBD8-F38D-4BFC-8761-FECD3C454247}.Release|Windows-x64.ActiveCfg = Release|Any CPU
		{CB37FBD8-F38D-4BFC-8761-FECD3C454247}.Release|Windows-x64.Build.0 = Release|Any CPU
		{CB37FBD8-F38D-4BFC-8761-FECD3C454247}.Release|Windows-x86.ActiveCfg = Release|Any CPU
		{CB37FBD8-F38D-4BFC-8761-FECD3C454247}.Release|Windows-x86.Build.0 = Release|Any CPU
		{EBD1BA86-8C32-4CDF-9ACD-9592C180B839}.Debug|Android.ActiveCfg = Debug|Any CPU
		{EBD1BA86-8C32-4CDF-9ACD-9592C180B839}.Debug|Android.Build.0 = Debug|Any CPU
		{EBD1BA86-8C32-4CDF-9ACD-9592C180B839}.Debug|Any CPU.ActiveCfg = Debug|Any CPU
		{EBD1BA86-8C32-4CDF-9ACD-9592C180B839}.Debug|Any CPU.Build.0 = Debug|Any CPU
		{EBD1BA86-8C32-4CDF-9ACD-9592C180B839}.Debug|iOS.ActiveCfg = Debug|Any CPU
		{EBD1BA86-8C32-4CDF-9ACD-9592C180B839}.Debug|iOS.Build.0 = Debug|Any CPU
		{EBD1BA86-8C32-4CDF-9ACD-9592C180B839}.Debug|Windows-ARM.ActiveCfg = Debug|Any CPU
		{EBD1BA86-8C32-4CDF-9ACD-9592C180B839}.Debug|Windows-ARM.Build.0 = Debug|Any CPU
		{EBD1BA86-8C32-4CDF-9ACD-9592C180B839}.Debug|Windows-x64.ActiveCfg = Debug|Any CPU
		{EBD1BA86-8C32-4CDF-9ACD-9592C180B839}.Debug|Windows-x64.Build.0 = Debug|Any CPU
		{EBD1BA86-8C32-4CDF-9ACD-9592C180B839}.Debug|Windows-x86.ActiveCfg = Debug|Any CPU
		{EBD1BA86-8C32-4CDF-9ACD-9592C180B839}.Debug|Windows-x86.Build.0 = Debug|Any CPU
		{EBD1BA86-8C32-4CDF-9ACD-9592C180B839}.Release|Android.ActiveCfg = Release|Any CPU
		{EBD1BA86-8C32-4CDF-9ACD-9592C180B839}.Release|Android.Build.0 = Release|Any CPU
		{EBD1BA86-8C32-4CDF-9ACD-9592C180B839}.Release|Any CPU.ActiveCfg = Release|Any CPU
		{EBD1BA86-8C32-4CDF-9ACD-9592C180B839}.Release|Any CPU.Build.0 = Release|Any CPU
		{EBD1BA86-8C32-4CDF-9ACD-9592C180B839}.Release|iOS.ActiveCfg = Release|Any CPU
		{EBD1BA86-8C32-4CDF-9ACD-9592C180B839}.Release|iOS.Build.0 = Release|Any CPU
		{EBD1BA86-8C32-4CDF-9ACD-9592C180B839}.Release|Windows-ARM.ActiveCfg = Release|Any CPU
		{EBD1BA86-8C32-4CDF-9ACD-9592C180B839}.Release|Windows-ARM.Build.0 = Release|Any CPU
		{EBD1BA86-8C32-4CDF-9ACD-9592C180B839}.Release|Windows-x64.ActiveCfg = Release|Any CPU
		{EBD1BA86-8C32-4CDF-9ACD-9592C180B839}.Release|Windows-x64.Build.0 = Release|Any CPU
		{EBD1BA86-8C32-4CDF-9ACD-9592C180B839}.Release|Windows-x86.ActiveCfg = Release|Any CPU
		{EBD1BA86-8C32-4CDF-9ACD-9592C180B839}.Release|Windows-x86.Build.0 = Release|Any CPU
		{D6C607EF-EA4E-4A92-9C52-A86BEC3DC3BF}.Debug|Android.ActiveCfg = Debug|Any CPU
		{D6C607EF-EA4E-4A92-9C52-A86BEC3DC3BF}.Debug|Android.Build.0 = Debug|Any CPU
		{D6C607EF-EA4E-4A92-9C52-A86BEC3DC3BF}.Debug|Any CPU.ActiveCfg = Debug|Any CPU
		{D6C607EF-EA4E-4A92-9C52-A86BEC3DC3BF}.Debug|Any CPU.Build.0 = Debug|Any CPU
		{D6C607EF-EA4E-4A92-9C52-A86BEC3DC3BF}.Debug|iOS.ActiveCfg = Debug|Any CPU
		{D6C607EF-EA4E-4A92-9C52-A86BEC3DC3BF}.Debug|iOS.Build.0 = Debug|Any CPU
		{D6C607EF-EA4E-4A92-9C52-A86BEC3DC3BF}.Debug|Windows-ARM.ActiveCfg = Debug|Any CPU
		{D6C607EF-EA4E-4A92-9C52-A86BEC3DC3BF}.Debug|Windows-ARM.Build.0 = Debug|Any CPU
		{D6C607EF-EA4E-4A92-9C52-A86BEC3DC3BF}.Debug|Windows-x64.ActiveCfg = Debug|Any CPU
		{D6C607EF-EA4E-4A92-9C52-A86BEC3DC3BF}.Debug|Windows-x64.Build.0 = Debug|Any CPU
		{D6C607EF-EA4E-4A92-9C52-A86BEC3DC3BF}.Debug|Windows-x86.ActiveCfg = Debug|Any CPU
		{D6C607EF-EA4E-4A92-9C52-A86BEC3DC3BF}.Debug|Windows-x86.Build.0 = Debug|Any CPU
		{D6C607EF-EA4E-4A92-9C52-A86BEC3DC3BF}.Release|Android.ActiveCfg = Release|Any CPU
		{D6C607EF-EA4E-4A92-9C52-A86BEC3DC3BF}.Release|Android.Build.0 = Release|Any CPU
		{D6C607EF-EA4E-4A92-9C52-A86BEC3DC3BF}.Release|Any CPU.ActiveCfg = Release|Any CPU
		{D6C607EF-EA4E-4A92-9C52-A86BEC3DC3BF}.Release|Any CPU.Build.0 = Release|Any CPU
		{D6C607EF-EA4E-4A92-9C52-A86BEC3DC3BF}.Release|iOS.ActiveCfg = Release|Any CPU
		{D6C607EF-EA4E-4A92-9C52-A86BEC3DC3BF}.Release|iOS.Build.0 = Release|Any CPU
		{D6C607EF-EA4E-4A92-9C52-A86BEC3DC3BF}.Release|Windows-ARM.ActiveCfg = Release|Any CPU
		{D6C607EF-EA4E-4A92-9C52-A86BEC3DC3BF}.Release|Windows-ARM.Build.0 = Release|Any CPU
		{D6C607EF-EA4E-4A92-9C52-A86BEC3DC3BF}.Release|Windows-x64.ActiveCfg = Release|Any CPU
		{D6C607EF-EA4E-4A92-9C52-A86BEC3DC3BF}.Release|Windows-x64.Build.0 = Release|Any CPU
		{D6C607EF-EA4E-4A92-9C52-A86BEC3DC3BF}.Release|Windows-x86.ActiveCfg = Release|Any CPU
		{D6C607EF-EA4E-4A92-9C52-A86BEC3DC3BF}.Release|Windows-x86.Build.0 = Release|Any CPU
		{D9C5FB5B-68E4-4B9E-992B-549431FF826E}.Debug|Android.ActiveCfg = Debug|Android
		{D9C5FB5B-68E4-4B9E-992B-549431FF826E}.Debug|Android.Build.0 = Debug|Android
		{D9C5FB5B-68E4-4B9E-992B-549431FF826E}.Debug|Android.Deploy.0 = Debug|Android
		{D9C5FB5B-68E4-4B9E-992B-549431FF826E}.Debug|Any CPU.ActiveCfg = Debug|Android
		{D9C5FB5B-68E4-4B9E-992B-549431FF826E}.Debug|iOS.ActiveCfg = Debug|iOS
		{D9C5FB5B-68E4-4B9E-992B-549431FF826E}.Debug|iOS.Build.0 = Debug|iOS
		{D9C5FB5B-68E4-4B9E-992B-549431FF826E}.Debug|iOS.Deploy.0 = Debug|iOS
		{D9C5FB5B-68E4-4B9E-992B-549431FF826E}.Debug|Windows-ARM.ActiveCfg = Debug|Windows-ARM
		{D9C5FB5B-68E4-4B9E-992B-549431FF826E}.Debug|Windows-ARM.Build.0 = Debug|Windows-ARM
		{D9C5FB5B-68E4-4B9E-992B-549431FF826E}.Debug|Windows-ARM.Deploy.0 = Debug|Windows-ARM
		{D9C5FB5B-68E4-4B9E-992B-549431FF826E}.Debug|Windows-x64.ActiveCfg = Debug|Windows-x64
		{D9C5FB5B-68E4-4B9E-992B-549431FF826E}.Debug|Windows-x64.Build.0 = Debug|Windows-x64
		{D9C5FB5B-68E4-4B9E-992B-549431FF826E}.Debug|Windows-x64.Deploy.0 = Debug|Windows-x64
		{D9C5FB5B-68E4-4B9E-992B-549431FF826E}.Debug|Windows-x86.ActiveCfg = Debug|Windows-x86
		{D9C5FB5B-68E4-4B9E-992B-549431FF826E}.Debug|Windows-x86.Build.0 = Debug|Windows-x86
		{D9C5FB5B-68E4-4B9E-992B-549431FF826E}.Debug|Windows-x86.Deploy.0 = Debug|Windows-x86
		{D9C5FB5B-68E4-4B9E-992B-549431FF826E}.Release|Android.ActiveCfg = Release|Android
		{D9C5FB5B-68E4-4B9E-992B-549431FF826E}.Release|Android.Build.0 = Release|Android
		{D9C5FB5B-68E4-4B9E-992B-549431FF826E}.Release|Android.Deploy.0 = Release|Android
		{D9C5FB5B-68E4-4B9E-992B-549431FF826E}.Release|Any CPU.ActiveCfg = Release|Android
		{D9C5FB5B-68E4-4B9E-992B-549431FF826E}.Release|iOS.ActiveCfg = Release|iOS
		{D9C5FB5B-68E4-4B9E-992B-549431FF826E}.Release|iOS.Build.0 = Release|iOS
		{D9C5FB5B-68E4-4B9E-992B-549431FF826E}.Release|iOS.Deploy.0 = Release|iOS
		{D9C5FB5B-68E4-4B9E-992B-549431FF826E}.Release|Windows-ARM.ActiveCfg = Release|Windows-ARM
		{D9C5FB5B-68E4-4B9E-992B-549431FF826E}.Release|Windows-ARM.Build.0 = Release|Windows-ARM
		{D9C5FB5B-68E4-4B9E-992B-549431FF826E}.Release|Windows-ARM.Deploy.0 = Release|Windows-ARM
		{D9C5FB5B-68E4-4B9E-992B-549431FF826E}.Release|Windows-x64.ActiveCfg = Release|Windows-x64
		{D9C5FB5B-68E4-4B9E-992B-549431FF826E}.Release|Windows-x64.Build.0 = Release|Windows-x64
		{D9C5FB5B-68E4-4B9E-992B-549431FF826E}.Release|Windows-x64.Deploy.0 = Release|Windows-x64
		{D9C5FB5B-68E4-4B9E-992B-549431FF826E}.Release|Windows-x86.ActiveCfg = Release|Windows-x86
		{D9C5FB5B-68E4-4B9E-992B-549431FF826E}.Release|Windows-x86.Build.0 = Release|Windows-x86
		{D9C5FB5B-68E4-4B9E-992B-549431FF826E}.Release|Windows-x86.Deploy.0 = Release|Windows-x86
		{F1D36740-03FC-4644-A1F0-92AC757224EC}.Debug|Android.ActiveCfg = Debug|Any CPU
		{F1D36740-03FC-4644-A1F0-92AC757224EC}.Debug|Android.Build.0 = Debug|Any CPU
		{F1D36740-03FC-4644-A1F0-92AC757224EC}.Debug|Any CPU.ActiveCfg = Debug|Any CPU
		{F1D36740-03FC-4644-A1F0-92AC757224EC}.Debug|Any CPU.Build.0 = Debug|Any CPU
		{F1D36740-03FC-4644-A1F0-92AC757224EC}.Debug|iOS.ActiveCfg = Debug|Any CPU
		{F1D36740-03FC-4644-A1F0-92AC757224EC}.Debug|iOS.Build.0 = Debug|Any CPU
		{F1D36740-03FC-4644-A1F0-92AC757224EC}.Debug|Windows-ARM.ActiveCfg = Debug|Any CPU
		{F1D36740-03FC-4644-A1F0-92AC757224EC}.Debug|Windows-ARM.Build.0 = Debug|Any CPU
		{F1D36740-03FC-4644-A1F0-92AC757224EC}.Debug|Windows-x64.ActiveCfg = Debug|Any CPU
		{F1D36740-03FC-4644-A1F0-92AC757224EC}.Debug|Windows-x64.Build.0 = Debug|Any CPU
		{F1D36740-03FC-4644-A1F0-92AC757224EC}.Debug|Windows-x86.ActiveCfg = Debug|Any CPU
		{F1D36740-03FC-4644-A1F0-92AC757224EC}.Debug|Windows-x86.Build.0 = Debug|Any CPU
		{F1D36740-03FC-4644-A1F0-92AC757224EC}.Release|Android.ActiveCfg = Release|Any CPU
		{F1D36740-03FC-4644-A1F0-92AC757224EC}.Release|Android.Build.0 = Release|Any CPU
		{F1D36740-03FC-4644-A1F0-92AC757224EC}.Release|Any CPU.ActiveCfg = Release|Any CPU
		{F1D36740-03FC-4644-A1F0-92AC757224EC}.Release|Any CPU.Build.0 = Release|Any CPU
		{F1D36740-03FC-4644-A1F0-92AC757224EC}.Release|iOS.ActiveCfg = Release|Any CPU
		{F1D36740-03FC-4644-A1F0-92AC757224EC}.Release|iOS.Build.0 = Release|Any CPU
		{F1D36740-03FC-4644-A1F0-92AC757224EC}.Release|Windows-ARM.ActiveCfg = Release|Any CPU
		{F1D36740-03FC-4644-A1F0-92AC757224EC}.Release|Windows-ARM.Build.0 = Release|Any CPU
		{F1D36740-03FC-4644-A1F0-92AC757224EC}.Release|Windows-x64.ActiveCfg = Release|Any CPU
		{F1D36740-03FC-4644-A1F0-92AC757224EC}.Release|Windows-x64.Build.0 = Release|Any CPU
		{F1D36740-03FC-4644-A1F0-92AC757224EC}.Release|Windows-x86.ActiveCfg = Release|Any CPU
		{F1D36740-03FC-4644-A1F0-92AC757224EC}.Release|Windows-x86.Build.0 = Release|Any CPU
		{C1C9C3E4-DA2E-4FFC-BF1D-5AF3018B3329}.Debug|Android.ActiveCfg = Debug|Any CPU
		{C1C9C3E4-DA2E-4FFC-BF1D-5AF3018B3329}.Debug|Android.Build.0 = Debug|Any CPU
		{C1C9C3E4-DA2E-4FFC-BF1D-5AF3018B3329}.Debug|Any CPU.ActiveCfg = Debug|Any CPU
		{C1C9C3E4-DA2E-4FFC-BF1D-5AF3018B3329}.Debug|Any CPU.Build.0 = Debug|Any CPU
		{C1C9C3E4-DA2E-4FFC-BF1D-5AF3018B3329}.Debug|iOS.ActiveCfg = Debug|Any CPU
		{C1C9C3E4-DA2E-4FFC-BF1D-5AF3018B3329}.Debug|iOS.Build.0 = Debug|Any CPU
		{C1C9C3E4-DA2E-4FFC-BF1D-5AF3018B3329}.Debug|Windows-ARM.ActiveCfg = Debug|Any CPU
		{C1C9C3E4-DA2E-4FFC-BF1D-5AF3018B3329}.Debug|Windows-ARM.Build.0 = Debug|Any CPU
		{C1C9C3E4-DA2E-4FFC-BF1D-5AF3018B3329}.Debug|Windows-x64.ActiveCfg = Debug|Any CPU
		{C1C9C3E4-DA2E-4FFC-BF1D-5AF3018B3329}.Debug|Windows-x64.Build.0 = Debug|Any CPU
		{C1C9C3E4-DA2E-4FFC-BF1D-5AF3018B3329}.Debug|Windows-x86.ActiveCfg = Debug|Any CPU
		{C1C9C3E4-DA2E-4FFC-BF1D-5AF3018B3329}.Debug|Windows-x86.Build.0 = Debug|Any CPU
		{C1C9C3E4-DA2E-4FFC-BF1D-5AF3018B3329}.Release|Android.ActiveCfg = Release|Any CPU
		{C1C9C3E4-DA2E-4FFC-BF1D-5AF3018B3329}.Release|Android.Build.0 = Release|Any CPU
		{C1C9C3E4-DA2E-4FFC-BF1D-5AF3018B3329}.Release|Any CPU.ActiveCfg = Release|Any CPU
		{C1C9C3E4-DA2E-4FFC-BF1D-5AF3018B3329}.Release|Any CPU.Build.0 = Release|Any CPU
		{C1C9C3E4-DA2E-4FFC-BF1D-5AF3018B3329}.Release|iOS.ActiveCfg = Release|Any CPU
		{C1C9C3E4-DA2E-4FFC-BF1D-5AF3018B3329}.Release|iOS.Build.0 = Release|Any CPU
		{C1C9C3E4-DA2E-4FFC-BF1D-5AF3018B3329}.Release|Windows-ARM.ActiveCfg = Release|Any CPU
		{C1C9C3E4-DA2E-4FFC-BF1D-5AF3018B3329}.Release|Windows-ARM.Build.0 = Release|Any CPU
		{C1C9C3E4-DA2E-4FFC-BF1D-5AF3018B3329}.Release|Windows-x64.ActiveCfg = Release|Any CPU
		{C1C9C3E4-DA2E-4FFC-BF1D-5AF3018B3329}.Release|Windows-x64.Build.0 = Release|Any CPU
		{C1C9C3E4-DA2E-4FFC-BF1D-5AF3018B3329}.Release|Windows-x86.ActiveCfg = Release|Any CPU
		{C1C9C3E4-DA2E-4FFC-BF1D-5AF3018B3329}.Release|Windows-x86.Build.0 = Release|Any CPU
		{B7FAC5C2-1FD2-4E64-B609-0AB3CFBD2704}.Debug|Android.ActiveCfg = Debug|Any CPU
		{B7FAC5C2-1FD2-4E64-B609-0AB3CFBD2704}.Debug|Android.Build.0 = Debug|Any CPU
		{B7FAC5C2-1FD2-4E64-B609-0AB3CFBD2704}.Debug|Any CPU.ActiveCfg = Debug|Any CPU
		{B7FAC5C2-1FD2-4E64-B609-0AB3CFBD2704}.Debug|Any CPU.Build.0 = Debug|Any CPU
		{B7FAC5C2-1FD2-4E64-B609-0AB3CFBD2704}.Debug|iOS.ActiveCfg = Debug|Any CPU
		{B7FAC5C2-1FD2-4E64-B609-0AB3CFBD2704}.Debug|iOS.Build.0 = Debug|Any CPU
		{B7FAC5C2-1FD2-4E64-B609-0AB3CFBD2704}.Debug|Windows-ARM.ActiveCfg = Debug|Any CPU
		{B7FAC5C2-1FD2-4E64-B609-0AB3CFBD2704}.Debug|Windows-ARM.Build.0 = Debug|Any CPU
		{B7FAC5C2-1FD2-4E64-B609-0AB3CFBD2704}.Debug|Windows-x64.ActiveCfg = Debug|Any CPU
		{B7FAC5C2-1FD2-4E64-B609-0AB3CFBD2704}.Debug|Windows-x64.Build.0 = Debug|Any CPU
		{B7FAC5C2-1FD2-4E64-B609-0AB3CFBD2704}.Debug|Windows-x86.ActiveCfg = Debug|Any CPU
		{B7FAC5C2-1FD2-4E64-B609-0AB3CFBD2704}.Debug|Windows-x86.Build.0 = Debug|Any CPU
		{B7FAC5C2-1FD2-4E64-B609-0AB3CFBD2704}.Release|Android.ActiveCfg = Release|Any CPU
		{B7FAC5C2-1FD2-4E64-B609-0AB3CFBD2704}.Release|Android.Build.0 = Release|Any CPU
		{B7FAC5C2-1FD2-4E64-B609-0AB3CFBD2704}.Release|Any CPU.ActiveCfg = Release|Any CPU
		{B7FAC5C2-1FD2-4E64-B609-0AB3CFBD2704}.Release|Any CPU.Build.0 = Release|Any CPU
		{B7FAC5C2-1FD2-4E64-B609-0AB3CFBD2704}.Release|iOS.ActiveCfg = Release|Any CPU
		{B7FAC5C2-1FD2-4E64-B609-0AB3CFBD2704}.Release|iOS.Build.0 = Release|Any CPU
		{B7FAC5C2-1FD2-4E64-B609-0AB3CFBD2704}.Release|Windows-ARM.ActiveCfg = Release|Any CPU
		{B7FAC5C2-1FD2-4E64-B609-0AB3CFBD2704}.Release|Windows-ARM.Build.0 = Release|Any CPU
		{B7FAC5C2-1FD2-4E64-B609-0AB3CFBD2704}.Release|Windows-x64.ActiveCfg = Release|Any CPU
		{B7FAC5C2-1FD2-4E64-B609-0AB3CFBD2704}.Release|Windows-x64.Build.0 = Release|Any CPU
		{B7FAC5C2-1FD2-4E64-B609-0AB3CFBD2704}.Release|Windows-x86.ActiveCfg = Release|Any CPU
		{B7FAC5C2-1FD2-4E64-B609-0AB3CFBD2704}.Release|Windows-x86.Build.0 = Release|Any CPU
	EndGlobalSection
	GlobalSection(SolutionProperties) = preSolution
		HideSolutionNode = FALSE
	EndGlobalSection
	GlobalSection(ExtensibilityGlobals) = postSolution
		SolutionGuid = {1BDF08DA-0088-459D-9DCB-3E21A53DFE7B}
	EndGlobalSection
EndGlobal
